
Microsoft Visual Studio Solution File, Format Version 12.00
# Visual Studio Version 16
VisualStudioVersion = 16.0.29318.209
MinimumVisualStudioVersion = 10.0.40219.1
Project("{FAE04EC0-301F-11D3-BF4B-00C04F79EFBC}") = "SimuladorDeProcesos", "SimuladorDeProcesos.csproj", "{6E0E1CAF-B4EF-41C5-8A4E-97B75776ACC9}"
EndProject
Global
	GlobalSection(SolutionConfigurationPlatforms) = preSolution
		Debug|Any CPU = Debug|Any CPU
		Release|Any CPU = Release|Any CPU
	EndGlobalSection
	GlobalSection(ProjectConfigurationPlatforms) = postSolution
		{6E0E1CAF-B4EF-41C5-8A4E-97B75776ACC9}.Debug|Any CPU.ActiveCfg = Debug|Any CPU
		{6E0E1CAF-B4EF-41C5-8A4E-97B75776ACC9}.Debug|Any CPU.Build.0 = Debug|Any CPU
		{6E0E1CAF-B4EF-41C5-8A4E-97B75776ACC9}.Release|Any CPU.ActiveCfg = Release|Any CPU
		{6E0E1CAF-B4EF-41C5-8A4E-97B75776ACC9}.Release|Any CPU.Build.0 = Release|Any CPU
	EndGlobalSection
	GlobalSection(SolutionProperties) = preSolution
		HideSolutionNode = FALSE
	EndGlobalSection
	GlobalSection(ExtensibilityGlobals) = postSolution
		SolutionGuid = {C1CD742D-BBE4-48F3-BCDD-19B3BE00D744}
	EndGlobalSection
EndGlobal
